// !$*UTF8*$!
{
	archiveVersion = 1;
	classes = {
	};
	objectVersion = 56;
	objects = {

/* Begin PBXBuildFile section */
		2744CE872B36D2BE00EBE25A /* RecentTransactionList.swift in Sources */ = {isa = PBXBuildFile; fileRef = 2744CE862B36D2BE00EBE25A /* RecentTransactionList.swift */; };
		277676F72B3603BA006A51A5 /* ExpenseTrackerApp.swift in Sources */ = {isa = PBXBuildFile; fileRef = 277676F62B3603BA006A51A5 /* ExpenseTrackerApp.swift */; };
		277676F92B3603BA006A51A5 /* ContentView.swift in Sources */ = {isa = PBXBuildFile; fileRef = 277676F82B3603BA006A51A5 /* ContentView.swift */; };
		277676FB2B3603BB006A51A5 /* Assets.xcassets in Resources */ = {isa = PBXBuildFile; fileRef = 277676FA2B3603BB006A51A5 /* Assets.xcassets */; };
		277676FE2B3603BB006A51A5 /* Preview Assets.xcassets in Resources */ = {isa = PBXBuildFile; fileRef = 277676FD2B3603BB006A51A5 /* Preview Assets.xcassets */; };
		277677052B360410006A51A5 /* TransactionModel.swift in Sources */ = {isa = PBXBuildFile; fileRef = 277677042B360410006A51A5 /* TransactionModel.swift */; };
		277677072B36043E006A51A5 /* Extensions.swift in Sources */ = {isa = PBXBuildFile; fileRef = 277677062B36043E006A51A5 /* Extensions.swift */; };
		277677092B36056A006A51A5 /* PreviewData.swift in Sources */ = {isa = PBXBuildFile; fileRef = 277677082B36056A006A51A5 /* PreviewData.swift */; };
		2776770B2B3605CE006A51A5 /* TransactionRow.swift in Sources */ = {isa = PBXBuildFile; fileRef = 2776770A2B3605CE006A51A5 /* TransactionRow.swift */; };
		2776770E2B3605F3006A51A5 /* SwiftUIFontIcon in Frameworks */ = {isa = PBXBuildFile; productRef = 2776770D2B3605F3006A51A5 /* SwiftUIFontIcon */; };
		277677102B360641006A51A5 /* TransactionListViewModel.swift in Sources */ = {isa = PBXBuildFile; fileRef = 2776770F2B360641006A51A5 /* TransactionListViewModel.swift */; };
		278FD2682B38598C00F2BD48 /* TransactionList.swift in Sources */ = {isa = PBXBuildFile; fileRef = 278FD2672B38598C00F2BD48 /* TransactionList.swift */; };
		278FD26B2B385FC200F2BD48 /* Collections in Frameworks */ = {isa = PBXBuildFile; productRef = 278FD26A2B385FC200F2BD48 /* Collections */; };
		278FD2742B38646D00F2BD48 /* SwiftUICharts in Frameworks */ = {isa = PBXBuildFile; productRef = 278FD2732B38646D00F2BD48 /* SwiftUICharts */; };
/* End PBXBuildFile section */

/* Begin PBXFileReference section */
		2744CE862B36D2BE00EBE25A /* RecentTransactionList.swift */ = {isa = PBXFileReference; lastKnownFileType = sourcecode.swift; path = RecentTransactionList.swift; sourceTree = "<group>"; };
		277676F32B3603BA006A51A5 /* ExpenseTracker.app */ = {isa = PBXFileReference; explicitFileType = wrapper.application; includeInIndex = 0; path = ExpenseTracker.app; sourceTree = BUILT_PRODUCTS_DIR; };
		277676F62B3603BA006A51A5 /* ExpenseTrackerApp.swift */ = {isa = PBXFileReference; lastKnownFileType = sourcecode.swift; path = ExpenseTrackerApp.swift; sourceTree = "<group>"; };
		277676F82B3603BA006A51A5 /* ContentView.swift */ = {isa = PBXFileReference; lastKnownFileType = sourcecode.swift; path = ContentView.swift; sourceTree = "<group>"; };
		277676FA2B3603BB006A51A5 /* Assets.xcassets */ = {isa = PBXFileReference; lastKnownFileType = folder.assetcatalog; path = Assets.xcassets; sourceTree = "<group>"; };
		277676FD2B3603BB006A51A5 /* Preview Assets.xcassets */ = {isa = PBXFileReference; lastKnownFileType = folder.assetcatalog; path = "Preview Assets.xcassets"; sourceTree = "<group>"; };
		277677042B360410006A51A5 /* TransactionModel.swift */ = {isa = PBXFileReference; lastKnownFileType = sourcecode.swift; path = TransactionModel.swift; sourceTree = "<group>"; };
		277677062B36043E006A51A5 /* Extensions.swift */ = {isa = PBXFileReference; lastKnownFileType = sourcecode.swift; path = Extensions.swift; sourceTree = "<group>"; };
		277677082B36056A006A51A5 /* PreviewData.swift */ = {isa = PBXFileReference; lastKnownFileType = sourcecode.swift; path = PreviewData.swift; sourceTree = "<group>"; };
		2776770A2B3605CE006A51A5 /* TransactionRow.swift */ = {isa = PBXFileReference; lastKnownFileType = sourcecode.swift; path = TransactionRow.swift; sourceTree = "<group>"; };
		2776770F2B360641006A51A5 /* TransactionListViewModel.swift */ = {isa = PBXFileReference; lastKnownFileType = sourcecode.swift; path = TransactionListViewModel.swift; sourceTree = "<group>"; };
		278FD2672B38598C00F2BD48 /* TransactionList.swift */ = {isa = PBXFileReference; lastKnownFileType = sourcecode.swift; path = TransactionList.swift; sourceTree = "<group>"; };
/* End PBXFileReference section */

/* Begin PBXFrameworksBuildPhase section */
		277676F02B3603BA006A51A5 /* Frameworks */ = {
			isa = PBXFrameworksBuildPhase;
			buildActionMask = 2147483647;
			files = (
				278FD2742B38646D00F2BD48 /* SwiftUICharts in Frameworks */,
				278FD26B2B385FC200F2BD48 /* Collections in Frameworks */,
				2776770E2B3605F3006A51A5 /* SwiftUIFontIcon in Frameworks */,
			);
			runOnlyForDeploymentPostprocessing = 0;
		};
/* End PBXFrameworksBuildPhase section */

/* Begin PBXGroup section */
		277676EA2B3603BA006A51A5 = {
			isa = PBXGroup;
			children = (
				277676F52B3603BA006A51A5 /* ExpenseTracker */,
				277676F42B3603BA006A51A5 /* Products */,
			);
			sourceTree = "<group>";
		};
		277676F42B3603BA006A51A5 /* Products */ = {
			isa = PBXGroup;
			children = (
				277676F32B3603BA006A51A5 /* ExpenseTracker.app */,
			);
			name = Products;
			sourceTree = "<group>";
		};
		277676F52B3603BA006A51A5 /* ExpenseTracker */ = {
			isa = PBXGroup;
			children = (
				277676F62B3603BA006A51A5 /* ExpenseTrackerApp.swift */,
				277676F82B3603BA006A51A5 /* ContentView.swift */,
				2744CE862B36D2BE00EBE25A /* RecentTransactionList.swift */,
				277677062B36043E006A51A5 /* Extensions.swift */,
				277677042B360410006A51A5 /* TransactionModel.swift */,
				2776770F2B360641006A51A5 /* TransactionListViewModel.swift */,
				278FD2672B38598C00F2BD48 /* TransactionList.swift */,
				2776770A2B3605CE006A51A5 /* TransactionRow.swift */,
				277676FA2B3603BB006A51A5 /* Assets.xcassets */,
				277676FC2B3603BB006A51A5 /* Preview Content */,
			);
			path = ExpenseTracker;
			sourceTree = "<group>";
		};
		277676FC2B3603BB006A51A5 /* Preview Content */ = {
			isa = PBXGroup;
			children = (
				277676FD2B3603BB006A51A5 /* Preview Assets.xcassets */,
				277677082B36056A006A51A5 /* PreviewData.swift */,
			);
			path = "Preview Content";
			sourceTree = "<group>";
		};
/* End PBXGroup section */

/* Begin PBXNativeTarget section */
		277676F22B3603BA006A51A5 /* ExpenseTracker */ = {
			isa = PBXNativeTarget;
			buildConfigurationList = 277677012B3603BB006A51A5 /* Build configuration list for PBXNativeTarget "ExpenseTracker" */;
			buildPhases = (
				277676EF2B3603BA006A51A5 /* Sources */,
				277676F02B3603BA006A51A5 /* Frameworks */,
				277676F12B3603BA006A51A5 /* Resources */,
			);
			buildRules = (
			);
			dependencies = (
			);
			name = ExpenseTracker;
			packageProductDependencies = (
				2776770D2B3605F3006A51A5 /* SwiftUIFontIcon */,
				278FD26A2B385FC200F2BD48 /* Collections */,
				278FD2732B38646D00F2BD48 /* SwiftUICharts */,
			);
			productName = ExpenseTracker;
			productReference = 277676F32B3603BA006A51A5 /* ExpenseTracker.app */;
			productType = "com.apple.product-type.application";
		};
/* End PBXNativeTarget section */

/* Begin PBXProject section */
		277676EB2B3603BA006A51A5 /* Project object */ = {
			isa = PBXProject;
			attributes = {
				BuildIndependentTargetsInParallel = 1;
				LastSwiftUpdateCheck = 1510;
				LastUpgradeCheck = 1510;
				TargetAttributes = {
					277676F22B3603BA006A51A5 = {
						CreatedOnToolsVersion = 15.1;
					};
				};
			};
			buildConfigurationList = 277676EE2B3603BA006A51A5 /* Build configuration list for PBXProject "ExpenseTracker" */;
			compatibilityVersion = "Xcode 14.0";
			developmentRegion = en;
			hasScannedForEncodings = 0;
			knownRegions = (
				en,
				Base,
			);
			mainGroup = 277676EA2B3603BA006A51A5;
			packageReferences = (
				2776770C2B3605F3006A51A5 /* XCRemoteSwiftPackageReference "SwiftUIFontIcon" */,
				278FD2692B385FC200F2BD48 /* XCRemoteSwiftPackageReference "swift-collections" */,
				278FD2722B38646D00F2BD48 /* XCRemoteSwiftPackageReference "ChartView" */,
			);
			productRefGroup = 277676F42B3603BA006A51A5 /* Products */;
			projectDirPath = "";
			projectRoot = "";
			targets = (
				277676F22B3603BA006A51A5 /* ExpenseTracker */,
			);
		};
/* End PBXProject section */

/* Begin PBXResourcesBuildPhase section */
		277676F12B3603BA006A51A5 /* Resources */ = {
			isa = PBXResourcesBuildPhase;
			buildActionMask = 2147483647;
			files = (
				277676FE2B3603BB006A51A5 /* Preview Assets.xcassets in Resources */,
				277676FB2B3603BB006A51A5 /* Assets.xcassets in Resources */,
			);
			runOnlyForDeploymentPostprocessing = 0;
		};
/* End PBXResourcesBuildPhase section */

/* Begin PBXSourcesBuildPhase section */
		277676EF2B3603BA006A51A5 /* Sources */ = {
			isa = PBXSourcesBuildPhase;
			buildActionMask = 2147483647;
			files = (
				277677092B36056A006A51A5 /* PreviewData.swift in Sources */,
				278FD2682B38598C00F2BD48 /* TransactionList.swift in Sources */,
				2744CE872B36D2BE00EBE25A /* RecentTransactionList.swift in Sources */,
				277677052B360410006A51A5 /* TransactionModel.swift in Sources */,
				277676F92B3603BA006A51A5 /* ContentView.swift in Sources */,
				2776770B2B3605CE006A51A5 /* TransactionRow.swift in Sources */,
				277676F72B3603BA006A51A5 /* ExpenseTrackerApp.swift in Sources */,
				277677102B360641006A51A5 /* TransactionListViewModel.swift in Sources */,
				277677072B36043E006A51A5 /* Extensions.swift in Sources */,
			);
			runOnlyForDeploymentPostprocessing = 0;
		};
/* End PBXSourcesBuildPhase section */

/* Begin XCBuildConfiguration section */
		277676FF2B3603BB006A51A5 /* Debug */ = {
			isa = XCBuildConfiguration;
			buildSettings = {
				ALWAYS_SEARCH_USER_PATHS = NO;
				ASSETCATALOG_COMPILER_GENERATE_SWIFT_ASSET_SYMBOL_EXTENSIONS = YES;
				CLANG_ANALYZER_NONNULL = YES;
				CLANG_ANALYZER_NUMBER_OBJECT_CONVERSION = YES_AGGRESSIVE;
				CLANG_CXX_LANGUAGE_STANDARD = "gnu++20";
				CLANG_ENABLE_MODULES = YES;
				CLANG_ENABLE_OBJC_ARC = YES;
				CLANG_ENABLE_OBJC_WEAK = YES;
				CLANG_WARN_BLOCK_CAPTURE_AUTORELEASING = YES;
				CLANG_WARN_BOOL_CONVERSION = YES;
				CLANG_WARN_COMMA = YES;
				CLANG_WARN_CONSTANT_CONVERSION = YES;
				CLANG_WARN_DEPRECATED_OBJC_IMPLEMENTATIONS = YES;
				CLANG_WARN_DIRECT_OBJC_ISA_USAGE = YES_ERROR;
				CLANG_WARN_DOCUMENTATION_COMMENTS = YES;
				CLANG_WARN_EMPTY_BODY = YES;
				CLANG_WARN_ENUM_CONVERSION = YES;
				CLANG_WARN_INFINITE_RECURSION = YES;
				CLANG_WARN_INT_CONVERSION = YES;
				CLANG_WARN_NON_LITERAL_NULL_CONVERSION = YES;
				CLANG_WARN_OBJC_IMPLICIT_RETAIN_SELF = YES;
				CLANG_WARN_OBJC_LITERAL_CONVERSION = YES;
				CLANG_WARN_OBJC_ROOT_CLASS = YES_ERROR;
				CLANG_WARN_QUOTED_INCLUDE_IN_FRAMEWORK_HEADER = YES;
				CLANG_WARN_RANGE_LOOP_ANALYSIS = YES;
				CLANG_WARN_STRICT_PROTOTYPES = YES;
				CLANG_WARN_SUSPICIOUS_MOVE = YES;
				CLANG_WARN_UNGUARDED_AVAILABILITY = YES_AGGRESSIVE;
				CLANG_WARN_UNREACHABLE_CODE = YES;
				CLANG_WARN__DUPLICATE_METHOD_MATCH = YES;
				COPY_PHASE_STRIP = NO;
				DEBUG_INFORMATION_FORMAT = dwarf;
				ENABLE_STRICT_OBJC_MSGSEND = YES;
				ENABLE_TESTABILITY = YES;
				ENABLE_USER_SCRIPT_SANDBOXING = YES;
				GCC_C_LANGUAGE_STANDARD = gnu17;
				GCC_DYNAMIC_NO_PIC = NO;
				GCC_NO_COMMON_BLOCKS = YES;
				GCC_OPTIMIZATION_LEVEL = 0;
				GCC_PREPROCESSOR_DEFINITIONS = (
					"DEBUG=1",
					"$(inherited)",
				);
				GCC_WARN_64_TO_32_BIT_CONVERSION = YES;
				GCC_WARN_ABOUT_RETURN_TYPE = YES_ERROR;
				GCC_WARN_UNDECLARED_SELECTOR = YES;
				GCC_WARN_UNINITIALIZED_AUTOS = YES_AGGRESSIVE;
				GCC_WARN_UNUSED_FUNCTION = YES;
				GCC_WARN_UNUSED_VARIABLE = YES;
				IPHONEOS_DEPLOYMENT_TARGET = 17.2;
				LOCALIZATION_PREFERS_STRING_CATALOGS = YES;
				MTL_ENABLE_DEBUG_INFO = INCLUDE_SOURCE;
				MTL_FAST_MATH = YES;
				ONLY_ACTIVE_ARCH = YES;
				SDKROOT = iphoneos;
				SWIFT_ACTIVE_COMPILATION_CONDITIONS = "DEBUG $(inherited)";
				SWIFT_OPTIMIZATION_LEVEL = "-Onone";
			};
			name = Debug;
		};
		277677002B3603BB006A51A5 /* Release */ = {
			isa = XCBuildConfiguration;
			buildSettings = {
				ALWAYS_SEARCH_USER_PATHS = NO;
				ASSETCATALOG_COMPILER_GENERATE_SWIFT_ASSET_SYMBOL_EXTENSIONS = YES;
				CLANG_ANALYZER_NONNULL = YES;
				CLANG_ANALYZER_NUMBER_OBJECT_CONVERSION = YES_AGGRESSIVE;
				CLANG_CXX_LANGUAGE_STANDARD = "gnu++20";
				CLANG_ENABLE_MODULES = YES;
				CLANG_ENABLE_OBJC_ARC = YES;
				CLANG_ENABLE_OBJC_WEAK = YES;
				CLANG_WARN_BLOCK_CAPTURE_AUTORELEASING = YES;
				CLANG_WARN_BOOL_CONVERSION = YES;
				CLANG_WARN_COMMA = YES;
				CLANG_WARN_CONSTANT_CONVERSION = YES;
				CLANG_WARN_DEPRECATED_OBJC_IMPLEMENTATIONS = YES;
				CLANG_WARN_DIRECT_OBJC_ISA_USAGE = YES_ERROR;
				CLANG_WARN_DOCUMENTATION_COMMENTS = YES;
				CLANG_WARN_EMPTY_BODY = YES;
				CLANG_WARN_ENUM_CONVERSION = YES;
				CLANG_WARN_INFINITE_RECURSION = YES;
				CLANG_WARN_INT_CONVERSION = YES;
				CLANG_WARN_NON_LITERAL_NULL_CONVERSION = YES;
				CLANG_WARN_OBJC_IMPLICIT_RETAIN_SELF = YES;
				CLANG_WARN_OBJC_LITERAL_CONVERSION = YES;
				CLANG_WARN_OBJC_ROOT_CLASS = YES_ERROR;
				CLANG_WARN_QUOTED_INCLUDE_IN_FRAMEWORK_HEADER = YES;
				CLANG_WARN_RANGE_LOOP_ANALYSIS = YES;
				CLANG_WARN_STRICT_PROTOTYPES = YES;
				CLANG_WARN_SUSPICIOUS_MOVE = YES;
				CLANG_WARN_UNGUARDED_AVAILABILITY = YES_AGGRESSIVE;
				CLANG_WARN_UNREACHABLE_CODE = YES;
				CLANG_WARN__DUPLICATE_METHOD_MATCH = YES;
				COPY_PHASE_STRIP = NO;
				DEBUG_INFORMATION_FORMAT = "dwarf-with-dsym";
				ENABLE_NS_ASSERTIONS = NO;
				ENABLE_STRICT_OBJC_MSGSEND = YES;
				ENABLE_USER_SCRIPT_SANDBOXING = YES;
				GCC_C_LANGUAGE_STANDARD = gnu17;
				GCC_NO_COMMON_BLOCKS = YES;
				GCC_WARN_64_TO_32_BIT_CONVERSION = YES;
				GCC_WARN_ABOUT_RETURN_TYPE = YES_ERROR;
				GCC_WARN_UNDECLARED_SELECTOR = YES;
				GCC_WARN_UNINITIALIZED_AUTOS = YES_AGGRESSIVE;
				GCC_WARN_UNUSED_FUNCTION = YES;
				GCC_WARN_UNUSED_VARIABLE = YES;
				IPHONEOS_DEPLOYMENT_TARGET = 17.2;
				LOCALIZATION_PREFERS_STRING_CATALOGS = YES;
				MTL_ENABLE_DEBUG_INFO = NO;
				MTL_FAST_MATH = YES;
				SDKROOT = iphoneos;
				SWIFT_COMPILATION_MODE = wholemodule;
				VALIDATE_PRODUCT = YES;
			};
			name = Release;
		};
		277677022B3603BB006A51A5 /* Debug */ = {
			isa = XCBuildConfiguration;
			buildSettings = {
				ASSETCATALOG_COMPILER_APPICON_NAME = AppIcon;
				ASSETCATALOG_COMPILER_GLOBAL_ACCENT_COLOR_NAME = AccentColor;
				CODE_SIGN_STYLE = Automatic;
				CURRENT_PROJECT_VERSION = 1;
				DEVELOPMENT_ASSET_PATHS = "\"ExpenseTracker/Preview Content\"";
				ENABLE_PREVIEWS = YES;
				GENERATE_INFOPLIST_FILE = YES;
				INFOPLIST_KEY_UIApplicationSceneManifest_Generation = YES;
				INFOPLIST_KEY_UIApplicationSupportsIndirectInputEvents = YES;
				INFOPLIST_KEY_UILaunchScreen_Generation = YES;
				INFOPLIST_KEY_UISupportedInterfaceOrientations_iPad = "UIInterfaceOrientationPortrait UIInterfaceOrientationPortraitUpsideDown UIInterfaceOrientationLandscapeLeft UIInterfaceOrientationLandscapeRight";
				INFOPLIST_KEY_UISupportedInterfaceOrientations_iPhone = "UIInterfaceOrientationPortrait UIInterfaceOrientationLandscapeLeft UIInterfaceOrientationLandscapeRight";
				LD_RUNPATH_SEARCH_PATHS = (
					"$(inherited)",
					"@executable_path/Frameworks",
				);
				MARKETING_VERSION = 1.0;
				PRODUCT_BUNDLE_IDENTIFIER = thinkyDeveloper.ExpenseTracker;
				PRODUCT_NAME = "$(TARGET_NAME)";
				SWIFT_EMIT_LOC_STRINGS = YES;
				SWIFT_VERSION = 5.0;
				TARGETED_DEVICE_FAMILY = "1,2";
			};
			name = Debug;
		};
		277677032B3603BB006A51A5 /* Release */ = {
			isa = XCBuildConfiguration;
			buildSettings = {
				ASSETCATALOG_COMPILER_APPICON_NAME = AppIcon;
				ASSETCATALOG_COMPILER_GLOBAL_ACCENT_COLOR_NAME = AccentColor;
				CODE_SIGN_STYLE = Automatic;
				CURRENT_PROJECT_VERSION = 1;
				DEVELOPMENT_ASSET_PATHS = "\"ExpenseTracker/Preview Content\"";
				ENABLE_PREVIEWS = YES;
				GENERATE_INFOPLIST_FILE = YES;
				INFOPLIST_KEY_UIApplicationSceneManifest_Generation = YES;
				INFOPLIST_KEY_UIApplicationSupportsIndirectInputEvents = YES;
				INFOPLIST_KEY_UILaunchScreen_Generation = YES;
				INFOPLIST_KEY_UISupportedInterfaceOrientations_iPad = "UIInterfaceOrientationPortrait UIInterfaceOrientationPortraitUpsideDown UIInterfaceOrientationLandscapeLeft UIInterfaceOrientationLandscapeRight";
				INFOPLIST_KEY_UISupportedInterfaceOrientations_iPhone = "UIInterfaceOrientationPortrait UIInterfaceOrientationLandscapeLeft UIInterfaceOrientationLandscapeRight";
				LD_RUNPATH_SEARCH_PATHS = (
					"$(inherited)",
					"@executable_path/Frameworks",
				);
				MARKETING_VERSION = 1.0;
				PRODUCT_BUNDLE_IDENTIFIER = thinkyDeveloper.ExpenseTracker;
				PRODUCT_NAME = "$(TARGET_NAME)";
				SWIFT_EMIT_LOC_STRINGS = YES;
				SWIFT_VERSION = 5.0;
				TARGETED_DEVICE_FAMILY = "1,2";
			};
			name = Release;
		};
/* End XCBuildConfiguration section */

/* Begin XCConfigurationList section */
		277676EE2B3603BA006A51A5 /* Build configuration list for PBXProject "ExpenseTracker" */ = {
			isa = XCConfigurationList;
			buildConfigurations = (
				277676FF2B3603BB006A51A5 /* Debug */,
				277677002B3603BB006A51A5 /* Release */,
			);
			defaultConfigurationIsVisible = 0;
			defaultConfigurationName = Release;
		};
		277677012B3603BB006A51A5 /* Build configuration list for PBXNativeTarget "ExpenseTracker" */ = {
			isa = XCConfigurationList;
			buildConfigurations = (
				277677022B3603BB006A51A5 /* Debug */,
				277677032B3603BB006A51A5 /* Release */,
			);
			defaultConfigurationIsVisible = 0;
			defaultConfigurationName = Release;
		};
/* End XCConfigurationList section */

/* Begin XCRemoteSwiftPackageReference section */
		2776770C2B3605F3006A51A5 /* XCRemoteSwiftPackageReference "SwiftUIFontIcon" */ = {
			isa = XCRemoteSwiftPackageReference;
			repositoryURL = "https://github.com/huybuidac/SwiftUIFontIcon";
			requirement = {
				kind = upToNextMajorVersion;
				minimumVersion = 2.1.0;
			};
		};
		278FD2692B385FC200F2BD48 /* XCRemoteSwiftPackageReference "swift-collections" */ = {
			isa = XCRemoteSwiftPackageReference;
			repositoryURL = "https://github.com/apple/swift-collections.git";
			requirement = {
				kind = upToNextMajorVersion;
				minimumVersion = 1.0.6;
			};
		};
		278FD2722B38646D00F2BD48 /* XCRemoteSwiftPackageReference "ChartView" */ = {
			isa = XCRemoteSwiftPackageReference;
			repositoryURL = "https://github.com/AppPear/ChartView";
			requirement = {
				kind = exactVersion;
				version = "2.0.0-beta.2";
			};
		};
/* End XCRemoteSwiftPackageReference section */

/* Begin XCSwiftPackageProductDependency section */
		2776770D2B3605F3006A51A5 /* SwiftUIFontIcon */ = {
			isa = XCSwiftPackageProductDependency;
			package = 2776770C2B3605F3006A51A5 /* XCRemoteSwiftPackageReference "SwiftUIFontIcon" */;
			productName = SwiftUIFontIcon;
		};
		278FD26A2B385FC200F2BD48 /* Collections */ = {
			isa = XCSwiftPackageProductDependency;
			package = 278FD2692B385FC200F2BD48 /* XCRemoteSwiftPackageReference "swift-collections" */;
			productName = Collections;
		};
		278FD2732B38646D00F2BD48 /* SwiftUICharts */ = {
			isa = XCSwiftPackageProductDependency;
			package = 278FD2722B38646D00F2BD48 /* XCRemoteSwiftPackageReference "ChartView" */;
			productName = SwiftUICharts;
		};
/* End XCSwiftPackageProductDependency section */
	};
	rootObject = 277676EB2B3603BA006A51A5 /* Project object */;
}
